
Microsoft Visual Studio Solution File, Format Version 12.00
# Visual Studio Version 16
VisualStudioVersion = 16.0.31129.286
MinimumVisualStudioVersion = 10.0.40219.1
Project("{9A19103F-16F7-4668-BE54-9A1E7A4F7556}") = "TipoCambio", "TipoCambio.csproj", "{16D16F73-245A-4D6F-AA82-36445E6153FD}"
EndProject
Project("{9A19103F-16F7-4668-BE54-9A1E7A4F7556}") = "TipoCambio.BL", "TipoCambio.BL\TipoCambio.BL.csproj", "{499D4D1D-1DE0-40B7-8FDD-7A6D491642CE}"
EndProject
Project("{9A19103F-16F7-4668-BE54-9A1E7A4F7556}") = "TipoCambio.DAL", "TipoCambio.DAL\TipoCambio.DAL.csproj", "{323634C5-1B81-48FE-9FA7-1855F6362671}"
EndProject
Global
	GlobalSection(SolutionConfigurationPlatforms) = preSolution
		Debug|Any CPU = Debug|Any CPU
		Release|Any CPU = Release|Any CPU
	EndGlobalSection
	GlobalSection(ProjectConfigurationPlatforms) = postSolution
		{16D16F73-245A-4D6F-AA82-36445E6153FD}.Debug|Any CPU.ActiveCfg = Debug|Any CPU
		{16D16F73-245A-4D6F-AA82-36445E6153FD}.Debug|Any CPU.Build.0 = Debug|Any CPU
		{16D16F73-245A-4D6F-AA82-36445E6153FD}.Release|Any CPU.ActiveCfg = Release|Any CPU
		{16D16F73-245A-4D6F-AA82-36445E6153FD}.Release|Any CPU.Build.0 = Release|Any CPU
		{499D4D1D-1DE0-40B7-8FDD-7A6D491642CE}.Debug|Any CPU.ActiveCfg = Debug|Any CPU
		{499D4D1D-1DE0-40B7-8FDD-7A6D491642CE}.Debug|Any CPU.Build.0 = Debug|Any CPU
		{499D4D1D-1DE0-40B7-8FDD-7A6D491642CE}.Release|Any CPU.ActiveCfg = Release|Any CPU
		{499D4D1D-1DE0-40B7-8FDD-7A6D491642CE}.Release|Any CPU.Build.0 = Release|Any CPU
		{323634C5-1B81-48FE-9FA7-1855F6362671}.Debug|Any CPU.ActiveCfg = Debug|Any CPU
		{323634C5-1B81-48FE-9FA7-1855F6362671}.Debug|Any CPU.Build.0 = Debug|Any CPU
		{323634C5-1B81-48FE-9FA7-1855F6362671}.Release|Any CPU.ActiveCfg = Release|Any CPU
		{323634C5-1B81-48FE-9FA7-1855F6362671}.Release|Any CPU.Build.0 = Release|Any CPU
	EndGlobalSection
	GlobalSection(SolutionProperties) = preSolution
		HideSolutionNode = FALSE
	EndGlobalSection
	GlobalSection(ExtensibilityGlobals) = postSolution
		SolutionGuid = {779CC409-DDF8-4821-B30F-85309D36E4FF}
	EndGlobalSection
EndGlobal
